
Microsoft Visual Studio Solution File, Format Version 12.00
# Visual Studio Version 16
VisualStudioVersion = 16.0.29728.190
MinimumVisualStudioVersion = 10.0.40219.1
Project("{FAE04EC0-301F-11D3-BF4B-00C04F79EFBC}") = "FKNotepad", "FKNotepad\FKNotepad.csproj", "{64FBED90-0B98-44F7-BCBF-8A1373A1D317}"
EndProject
Global
	GlobalSection(SolutionConfigurationPlatforms) = preSolution
		Debug|Any CPU = Debug|Any CPU
		Release|Any CPU = Release|Any CPU
	EndGlobalSection
	GlobalSection(ProjectConfigurationPlatforms) = postSolution
		{64FBED90-0B98-44F7-BCBF-8A1373A1D317}.Debug|Any CPU.ActiveCfg = Debug|Any CPU
		{64FBED90-0B98-44F7-BCBF-8A1373A1D317}.Debug|Any CPU.Build.0 = Debug|Any CPU
		{64FBED90-0B98-44F7-BCBF-8A1373A1D317}.Release|Any CPU.ActiveCfg = Release|Any CPU
		{64FBED90-0B98-44F7-BCBF-8A1373A1D317}.Release|Any CPU.Build.0 = Release|Any CPU
	EndGlobalSection
	GlobalSection(SolutionProperties) = preSolution
		HideSolutionNode = FALSE
	EndGlobalSection
	GlobalSection(ExtensibilityGlobals) = postSolution
		SolutionGuid = {7390101D-1294-4FFE-8123-011E9AE94056}
	EndGlobalSection
EndGlobal
